
Microsoft Visual Studio Solution File, Format Version 12.00
# Visual Studio Version 17
VisualStudioVersion = 17.2.32616.157
MinimumVisualStudioVersion = 10.0.40219.1
Project("{2150E333-8FDC-42A3-9474-1A3956D46DE8}") = "2023", "2023", "{80EEDD19-B031-40FB-BCCA-DA075F60B59A}"
EndProject
Project("{2150E333-8FDC-42A3-9474-1A3956D46DE8}") = "Prism", "Prism", "{89EBE32E-D996-4A36-9969-E6E04AE27ED0}"
EndProject
Project("{2150E333-8FDC-42A3-9474-1A3956D46DE8}") = "Hidden", "Hidden", "{57763C85-591F-42C6-94AD-0FECC7DC07CD}"
EndProject
Project("{9A19103F-16F7-4668-BE54-9A1E7A4F7556}") = "MVVM", "src\2023\MVVM\MVVM.csproj", "{CC530EB1-9EDA-476E-8290-5A8B54FF5067}"
EndProject
Project("{9A19103F-16F7-4668-BE54-9A1E7A4F7556}") = "SampleWpf2023", "src\2023\SampleWpf2023\SampleWpf2023.csproj", "{450E2FFA-18FC-43BE-98EC-6444866FE92A}"
EndProject
Project("{9A19103F-16F7-4668-BE54-9A1E7A4F7556}") = "SamplePrism2023.Shared", "src\2023\SamplePrism2023.Shared\SamplePrism2023.Shared.csproj", "{685E2901-5A4F-487F-97F3-11F1C1A5C354}"
EndProject
Project("{9A19103F-16F7-4668-BE54-9A1E7A4F7556}") = "SamplePrism2023.Counter", "src\2023\SamplePrism2023.Counter\SamplePrism2023.Counter.csproj", "{C349ED55-071D-42CC-830B-C76173B8EA60}"
EndProject
Project("{9A19103F-16F7-4668-BE54-9A1E7A4F7556}") = "SamplePrism2023", "src\2023\SamplePrism2023\SamplePrism2023.csproj", "{B0BF3727-C70A-4319-9B42-B65289A80DEE}"
EndProject
Project("{9A19103F-16F7-4668-BE54-9A1E7A4F7556}") = "SamplePrism2023.Showcase", "src\2023\SamplePrism2023.Showcase\SamplePrism2023.Showcase.csproj", "{10A25645-326A-4336-9A4D-E631562B24CB}"
EndProject
Project("{9A19103F-16F7-4668-BE54-9A1E7A4F7556}") = "PolygonsMarking", "src\2023\PolygonsMarking\PolygonsMarking.csproj", "{29242AFE-8820-456E-AF68-10C2D9111E1D}"
EndProject
Project("{2150E333-8FDC-42A3-9474-1A3956D46DE8}") = "Samples", "Samples", "{B0BF4DB1-3FD9-4510-9B21-F519405DD4E0}"
EndProject
Project("{FAE04EC0-301F-11D3-BF4B-00C04F79EFBC}") = "PolygonsMarking.Editor", "src\2023\PolygonsMarking.Editor\PolygonsMarking.Editor.csproj", "{62BB733A-E1B5-472D-8631-522691FC0DEE}"
EndProject
Project("{FAE04EC0-301F-11D3-BF4B-00C04F79EFBC}") = "PolygonsMarking.Shared", "src\2023\PolygonsMarking.Shared\PolygonsMarking.Shared.csproj", "{5914B953-86E5-462D-A16E-BF1497BD26EF}"
EndProject
Global
	GlobalSection(SolutionConfigurationPlatforms) = preSolution
		Debug|Any CPU = Debug|Any CPU
		Release|Any CPU = Release|Any CPU
	EndGlobalSection
	GlobalSection(ProjectConfigurationPlatforms) = postSolution
		{CC530EB1-9EDA-476E-8290-5A8B54FF5067}.Debug|Any CPU.ActiveCfg = Debug|Any CPU
		{CC530EB1-9EDA-476E-8290-5A8B54FF5067}.Debug|Any CPU.Build.0 = Debug|Any CPU
		{CC530EB1-9EDA-476E-8290-5A8B54FF5067}.Release|Any CPU.ActiveCfg = Release|Any CPU
		{CC530EB1-9EDA-476E-8290-5A8B54FF5067}.Release|Any CPU.Build.0 = Release|Any CPU
		{450E2FFA-18FC-43BE-98EC-6444866FE92A}.Debug|Any CPU.ActiveCfg = Debug|Any CPU
		{450E2FFA-18FC-43BE-98EC-6444866FE92A}.Debug|Any CPU.Build.0 = Debug|Any CPU
		{450E2FFA-18FC-43BE-98EC-6444866FE92A}.Release|Any CPU.ActiveCfg = Release|Any CPU
		{450E2FFA-18FC-43BE-98EC-6444866FE92A}.Release|Any CPU.Build.0 = Release|Any CPU
		{685E2901-5A4F-487F-97F3-11F1C1A5C354}.Debug|Any CPU.ActiveCfg = Debug|Any CPU
		{685E2901-5A4F-487F-97F3-11F1C1A5C354}.Debug|Any CPU.Build.0 = Debug|Any CPU
		{685E2901-5A4F-487F-97F3-11F1C1A5C354}.Release|Any CPU.ActiveCfg = Release|Any CPU
		{685E2901-5A4F-487F-97F3-11F1C1A5C354}.Release|Any CPU.Build.0 = Release|Any CPU
		{C349ED55-071D-42CC-830B-C76173B8EA60}.Debug|Any CPU.ActiveCfg = Debug|Any CPU
		{C349ED55-071D-42CC-830B-C76173B8EA60}.Debug|Any CPU.Build.0 = Debug|Any CPU
		{C349ED55-071D-42CC-830B-C76173B8EA60}.Release|Any CPU.ActiveCfg = Release|Any CPU
		{C349ED55-071D-42CC-830B-C76173B8EA60}.Release|Any CPU.Build.0 = Release|Any CPU
		{B0BF3727-C70A-4319-9B42-B65289A80DEE}.Debug|Any CPU.ActiveCfg = Debug|Any CPU
		{B0BF3727-C70A-4319-9B42-B65289A80DEE}.Debug|Any CPU.Build.0 = Debug|Any CPU
		{B0BF3727-C70A-4319-9B42-B65289A80DEE}.Release|Any CPU.ActiveCfg = Release|Any CPU
		{B0BF3727-C70A-4319-9B42-B65289A80DEE}.Release|Any CPU.Build.0 = Release|Any CPU
		{10A25645-326A-4336-9A4D-E631562B24CB}.Debug|Any CPU.ActiveCfg = Debug|Any CPU
		{10A25645-326A-4336-9A4D-E631562B24CB}.Debug|Any CPU.Build.0 = Debug|Any CPU
		{10A25645-326A-4336-9A4D-E631562B24CB}.Release|Any CPU.ActiveCfg = Release|Any CPU
		{10A25645-326A-4336-9A4D-E631562B24CB}.Release|Any CPU.Build.0 = Release|Any CPU
		{29242AFE-8820-456E-AF68-10C2D9111E1D}.Debug|Any CPU.ActiveCfg = Debug|Any CPU
		{29242AFE-8820-456E-AF68-10C2D9111E1D}.Debug|Any CPU.Build.0 = Debug|Any CPU
		{29242AFE-8820-456E-AF68-10C2D9111E1D}.Release|Any CPU.ActiveCfg = Release|Any CPU
		{29242AFE-8820-456E-AF68-10C2D9111E1D}.Release|Any CPU.Build.0 = Release|Any CPU
		{62BB733A-E1B5-472D-8631-522691FC0DEE}.Debug|Any CPU.ActiveCfg = Debug|Any CPU
		{62BB733A-E1B5-472D-8631-522691FC0DEE}.Debug|Any CPU.Build.0 = Debug|Any CPU
		{62BB733A-E1B5-472D-8631-522691FC0DEE}.Release|Any CPU.ActiveCfg = Release|Any CPU
		{62BB733A-E1B5-472D-8631-522691FC0DEE}.Release|Any CPU.Build.0 = Release|Any CPU
		{5914B953-86E5-462D-A16E-BF1497BD26EF}.Debug|Any CPU.ActiveCfg = Debug|Any CPU
		{5914B953-86E5-462D-A16E-BF1497BD26EF}.Debug|Any CPU.Build.0 = Debug|Any CPU
		{5914B953-86E5-462D-A16E-BF1497BD26EF}.Release|Any CPU.ActiveCfg = Release|Any CPU
		{5914B953-86E5-462D-A16E-BF1497BD26EF}.Release|Any CPU.Build.0 = Release|Any CPU
	EndGlobalSection
	GlobalSection(SolutionProperties) = preSolution
		HideSolutionNode = FALSE
	EndGlobalSection
	GlobalSection(NestedProjects) = preSolution
		{89EBE32E-D996-4A36-9969-E6E04AE27ED0} = {80EEDD19-B031-40FB-BCCA-DA075F60B59A}
		{57763C85-591F-42C6-94AD-0FECC7DC07CD} = {80EEDD19-B031-40FB-BCCA-DA075F60B59A}
		{CC530EB1-9EDA-476E-8290-5A8B54FF5067} = {57763C85-591F-42C6-94AD-0FECC7DC07CD}
		{450E2FFA-18FC-43BE-98EC-6444866FE92A} = {80EEDD19-B031-40FB-BCCA-DA075F60B59A}
		{685E2901-5A4F-487F-97F3-11F1C1A5C354} = {89EBE32E-D996-4A36-9969-E6E04AE27ED0}
		{C349ED55-071D-42CC-830B-C76173B8EA60} = {89EBE32E-D996-4A36-9969-E6E04AE27ED0}
		{B0BF3727-C70A-4319-9B42-B65289A80DEE} = {89EBE32E-D996-4A36-9969-E6E04AE27ED0}
		{10A25645-326A-4336-9A4D-E631562B24CB} = {89EBE32E-D996-4A36-9969-E6E04AE27ED0}
		{29242AFE-8820-456E-AF68-10C2D9111E1D} = {B0BF4DB1-3FD9-4510-9B21-F519405DD4E0}
		{B0BF4DB1-3FD9-4510-9B21-F519405DD4E0} = {80EEDD19-B031-40FB-BCCA-DA075F60B59A}
		{62BB733A-E1B5-472D-8631-522691FC0DEE} = {B0BF4DB1-3FD9-4510-9B21-F519405DD4E0}
		{5914B953-86E5-462D-A16E-BF1497BD26EF} = {B0BF4DB1-3FD9-4510-9B21-F519405DD4E0}
	EndGlobalSection
	GlobalSection(ExtensibilityGlobals) = postSolution
		SolutionGuid = {A1D89EFE-09AE-4DB4-B8E7-24E2B2855831}
	EndGlobalSection
EndGlobal
